
Microsoft Visual Studio Solution File, Format Version 11.00
# Visual Studio 2010
Project("{FAE04EC0-301F-11D3-BF4B-00C04F79EFBC}") = "Unity.UIWidgets", "Unity.UIWidgets.csproj", "{B9F44842-31A0-BA39-B041-AD323902F64C}"
EndProject
Project("{FAE04EC0-301F-11D3-BF4B-00C04F79EFBC}") = "Assembly-CSharp", "Assembly-CSharp.csproj", "{34616B29-CFA6-3ABB-E232-90E9DFA1ACE5}"
EndProject
Project("{FAE04EC0-301F-11D3-BF4B-00C04F79EFBC}") = "UIWidgetsGallery", "UIWidgetsGallery.csproj", "{4AB0F089-E01C-ECFF-E04C-C583AD815AE0}"
EndProject
Project("{FAE04EC0-301F-11D3-BF4B-00C04F79EFBC}") = "UIWidgetsSample", "UIWidgetsSample.csproj", "{694062E1-69A3-6CC4-0BC6-B3F33BA8F2B6}"
EndProject
Project("{FAE04EC0-301F-11D3-BF4B-00C04F79EFBC}") = "Unity.InternalAPIEngineBridge.024", "Unity.InternalAPIEngineBridge.024.csproj", "{6EEBF03D-9ECB-930E-D0F7-764826E5B98A}"
EndProject
Project("{FAE04EC0-301F-11D3-BF4B-00C04F79EFBC}") = "Assembly-CSharp-firstpass", "Assembly-CSharp-firstpass.csproj", "{0EA57B32-50E4-4B0C-76C8-EAE12CF48AF6}"
EndProject
Project("{FAE04EC0-301F-11D3-BF4B-00C04F79EFBC}") = "UIWidgetsTheatre", "UIWidgetsTheatre.csproj", "{BD70E07F-584F-01F6-EBEE-857711ADFCC8}"
EndProject
Project("{FAE04EC0-301F-11D3-BF4B-00C04F79EFBC}") = "Unity.UIWidgets.Editor", "Unity.UIWidgets.Editor.csproj", "{B0371850-FACA-F376-4A44-99A4273FC329}"
EndProject
Project("{FAE04EC0-301F-11D3-BF4B-00C04F79EFBC}") = "Assembly-CSharp-Editor", "Assembly-CSharp-Editor.csproj", "{62C74EB2-9D4C-317A-209D-C2F6FB00EFD9}"
EndProject
Project("{FAE04EC0-301F-11D3-BF4B-00C04F79EFBC}") = "UIWidgetsSample.Editor", "UIWidgetsSample.Editor.csproj", "{B4F89AC8-55C0-582C-5E24-F037D079A886}"
EndProject
Project("{FAE04EC0-301F-11D3-BF4B-00C04F79EFBC}") = "UIWidgetsGallery.Editor", "UIWidgetsGallery.Editor.csproj", "{FCA01AF5-3CDC-77B2-E1E2-EC2BF5FCFE45}"
EndProject
Global
	GlobalSection(SolutionConfigurationPlatforms) = preSolution
		Debug|Any CPU = Debug|Any CPU
		Release|Any CPU = Release|Any CPU
	EndGlobalSection
	GlobalSection(ProjectConfigurationPlatforms) = postSolution
		{B9F44842-31A0-BA39-B041-AD323902F64C}.Debug|Any CPU.ActiveCfg = Debug|Any CPU
		{B9F44842-31A0-BA39-B041-AD323902F64C}.Debug|Any CPU.Build.0 = Debug|Any CPU
		{B9F44842-31A0-BA39-B041-AD323902F64C}.Release|Any CPU.ActiveCfg = Release|Any CPU
		{B9F44842-31A0-BA39-B041-AD323902F64C}.Release|Any CPU.Build.0 = Release|Any CPU
		{34616B29-CFA6-3ABB-E232-90E9DFA1ACE5}.Debug|Any CPU.ActiveCfg = Debug|Any CPU
		{34616B29-CFA6-3ABB-E232-90E9DFA1ACE5}.Debug|Any CPU.Build.0 = Debug|Any CPU
		{34616B29-CFA6-3ABB-E232-90E9DFA1ACE5}.Release|Any CPU.ActiveCfg = Release|Any CPU
		{34616B29-CFA6-3ABB-E232-90E9DFA1ACE5}.Release|Any CPU.Build.0 = Release|Any CPU
		{4AB0F089-E01C-ECFF-E04C-C583AD815AE0}.Debug|Any CPU.ActiveCfg = Debug|Any CPU
		{4AB0F089-E01C-ECFF-E04C-C583AD815AE0}.Debug|Any CPU.Build.0 = Debug|Any CPU
		{4AB0F089-E01C-ECFF-E04C-C583AD815AE0}.Release|Any CPU.ActiveCfg = Release|Any CPU
		{4AB0F089-E01C-ECFF-E04C-C583AD815AE0}.Release|Any CPU.Build.0 = Release|Any CPU
		{694062E1-69A3-6CC4-0BC6-B3F33BA8F2B6}.Debug|Any CPU.ActiveCfg = Debug|Any CPU
		{694062E1-69A3-6CC4-0BC6-B3F33BA8F2B6}.Debug|Any CPU.Build.0 = Debug|Any CPU
		{694062E1-69A3-6CC4-0BC6-B3F33BA8F2B6}.Release|Any CPU.ActiveCfg = Release|Any CPU
		{694062E1-69A3-6CC4-0BC6-B3F33BA8F2B6}.Release|Any CPU.Build.0 = Release|Any CPU
		{6EEBF03D-9ECB-930E-D0F7-764826E5B98A}.Debug|Any CPU.ActiveCfg = Debug|Any CPU
		{6EEBF03D-9ECB-930E-D0F7-764826E5B98A}.Debug|Any CPU.Build.0 = Debug|Any CPU
		{6EEBF03D-9ECB-930E-D0F7-764826E5B98A}.Release|Any CPU.ActiveCfg = Release|Any CPU
		{6EEBF03D-9ECB-930E-D0F7-764826E5B98A}.Release|Any CPU.Build.0 = Release|Any CPU
		{0EA57B32-50E4-4B0C-76C8-EAE12CF48AF6}.Debug|Any CPU.ActiveCfg = Debug|Any CPU
		{0EA57B32-50E4-4B0C-76C8-EAE12CF48AF6}.Debug|Any CPU.Build.0 = Debug|Any CPU
		{0EA57B32-50E4-4B0C-76C8-EAE12CF48AF6}.Release|Any CPU.ActiveCfg = Release|Any CPU
		{0EA57B32-50E4-4B0C-76C8-EAE12CF48AF6}.Release|Any CPU.Build.0 = Release|Any CPU
		{BD70E07F-584F-01F6-EBEE-857711ADFCC8}.Debug|Any CPU.ActiveCfg = Debug|Any CPU
		{BD70E07F-584F-01F6-EBEE-857711ADFCC8}.Debug|Any CPU.Build.0 = Debug|Any CPU
		{BD70E07F-584F-01F6-EBEE-857711ADFCC8}.Release|Any CPU.ActiveCfg = Release|Any CPU
		{BD70E07F-584F-01F6-EBEE-857711ADFCC8}.Release|Any CPU.Build.0 = Release|Any CPU
		{B0371850-FACA-F376-4A44-99A4273FC329}.Debug|Any CPU.ActiveCfg = Debug|Any CPU
		{B0371850-FACA-F376-4A44-99A4273FC329}.Debug|Any CPU.Build.0 = Debug|Any CPU
		{B0371850-FACA-F376-4A44-99A4273FC329}.Release|Any CPU.ActiveCfg = Release|Any CPU
		{B0371850-FACA-F376-4A44-99A4273FC329}.Release|Any CPU.Build.0 = Release|Any CPU
		{62C74EB2-9D4C-317A-209D-C2F6FB00EFD9}.Debug|Any CPU.ActiveCfg = Debug|Any CPU
		{62C74EB2-9D4C-317A-209D-C2F6FB00EFD9}.Debug|Any CPU.Build.0 = Debug|Any CPU
		{62C74EB2-9D4C-317A-209D-C2F6FB00EFD9}.Release|Any CPU.ActiveCfg = Release|Any CPU
		{62C74EB2-9D4C-317A-209D-C2F6FB00EFD9}.Release|Any CPU.Build.0 = Release|Any CPU
		{B4F89AC8-55C0-582C-5E24-F037D079A886}.Debug|Any CPU.ActiveCfg = Debug|Any CPU
		{B4F89AC8-55C0-582C-5E24-F037D079A886}.Debug|Any CPU.Build.0 = Debug|Any CPU
		{B4F89AC8-55C0-582C-5E24-F037D079A886}.Release|Any CPU.ActiveCfg = Release|Any CPU
		{B4F89AC8-55C0-582C-5E24-F037D079A886}.Release|Any CPU.Build.0 = Release|Any CPU
		{FCA01AF5-3CDC-77B2-E1E2-EC2BF5FCFE45}.Debug|Any CPU.ActiveCfg = Debug|Any CPU
		{FCA01AF5-3CDC-77B2-E1E2-EC2BF5FCFE45}.Debug|Any CPU.Build.0 = Debug|Any CPU
		{FCA01AF5-3CDC-77B2-E1E2-EC2BF5FCFE45}.Release|Any CPU.ActiveCfg = Release|Any CPU
		{FCA01AF5-3CDC-77B2-E1E2-EC2BF5FCFE45}.Release|Any CPU.Build.0 = Release|Any CPU
	EndGlobalSection
	GlobalSection(SolutionProperties) = preSolution
		HideSolutionNode = FALSE
	EndGlobalSection
EndGlobal
